# THIS IS AN AUTOGENERATED FILE. DO NOT EDIT THIS FILE DIRECTLY.
# yarn lockfile v1


"@socket.io/component-emitter@~3.1.0":
  version "3.1.2"
  resolved "https://registry.yarnpkg.com/@socket.io/component-emitter/-/component-emitter-3.1.2.tgz#821f8442f4175d8f0467b9daf26e3a18e2d02af2"

"@types/babel-types@*", "@types/babel-types@^7.0.0":
  version "7.0.7"
  resolved "https://registry.npmjs.org/@types/babel-types/-/babel-types-7.0.7.tgz"

"@types/babylon@^6.16.2":
  version "6.16.5"
  resolved "https://registry.npmjs.org/@types/babylon/-/babylon-6.16.5.tgz"
  dependencies:
    "@types/babel-types" "*"

"@types/cookie@^0.4.1":
  version "0.4.1"
  resolved "https://registry.yarnpkg.com/@types/cookie/-/cookie-0.4.1.tgz#bfd02c1f2224567676c1545199f87c3a861d878d"

"@types/cors@^2.8.12":
  version "2.8.17"
  resolved "https://registry.yarnpkg.com/@types/cors/-/cors-2.8.17.tgz#5d718a5e494a8166f569d986794e49c48b216b2b"
  dependencies:
    "@types/node" "*"

"@types/node@*", "@types/node@>=10.0.0":
  version "22.5.4"
  resolved "https://registry.yarnpkg.com/@types/node/-/node-22.5.4.tgz#83f7d1f65bc2ed223bdbf57c7884f1d5a4fa84e8"
  dependencies:
    undici-types "~6.19.2"

accepts@~1.3.4:
  version "1.3.7"
  resolved "https://registry.npmjs.org/accepts/-/accepts-1.3.7.tgz"
  dependencies:
    mime-types "~2.1.24"
    negotiator "0.6.2"

acorn-globals@^3.0.0:
  version "3.1.0"
  resolved "https://registry.npmjs.org/acorn-globals/-/acorn-globals-3.1.0.tgz"
  dependencies:
    acorn "^4.0.4"

acorn@^3.1.0:
  version "3.3.0"
  resolved "https://registry.npmjs.org/acorn/-/acorn-3.3.0.tgz"

acorn@^4.0.4, acorn@~4.0.2:
  version "4.0.13"
  resolved "https://registry.npmjs.org/acorn/-/acorn-4.0.13.tgz"

align-text@^0.1.1, align-text@^0.1.3:
  version "0.1.4"
  resolved "https://registry.npmjs.org/align-text/-/align-text-0.1.4.tgz"
  dependencies:
    kind-of "^3.0.2"
    longest "^1.0.1"
    repeat-string "^1.5.2"

ansi-regex@^4.1.0:
  version "4.1.0"
  resolved "https://registry.npmjs.org/ansi-regex/-/ansi-regex-4.1.0.tgz"

ansi-regex@^5.0.1:
  version "5.0.1"
  resolved "https://registry.yarnpkg.com/ansi-regex/-/ansi-regex-5.0.1.tgz#082cb2c89c9fe8659a311a53bd6a4dc5301db304"

ansi-styles@^3.2.0, ansi-styles@^3.2.1:
  version "3.2.1"
  resolved "https://registry.npmjs.org/ansi-styles/-/ansi-styles-3.2.1.tgz"
  dependencies:
    color-convert "^1.9.0"

ansi-styles@^4.0.0, ansi-styles@^4.1.0:
  version "4.3.0"
  resolved "https://registry.yarnpkg.com/ansi-styles/-/ansi-styles-4.3.0.tgz#edd803628ae71c04c85ae7a0906edad34b648937"
  dependencies:
    color-convert "^2.0.1"

anymatch@~3.1.1:
  version "3.1.1"
  resolved "https://registry.npmjs.org/anymatch/-/anymatch-3.1.1.tgz"
  dependencies:
    normalize-path "^3.0.0"
    picomatch "^2.0.4"

anymatch@~3.1.2:
  version "3.1.3"
  resolved "https://registry.yarnpkg.com/anymatch/-/anymatch-3.1.3.tgz#790c58b19ba1720a84205b57c618d5ad8524973e"
  dependencies:
    normalize-path "^3.0.0"
    picomatch "^2.0.4"

asap@~2.0.3:
  version "2.0.6"
  resolved "https://registry.npmjs.org/asap/-/asap-2.0.6.tgz"

async-each-series@0.1.1:
  version "0.1.1"
  resolved "https://registry.npmjs.org/async-each-series/-/async-each-series-0.1.1.tgz"

async@^2.6.0:
  version "2.6.4"
  resolved "https://registry.yarnpkg.com/async/-/async-2.6.4.tgz#706b7ff6084664cd7eae713f6f965433b5504221"
  dependencies:
    lodash "^4.17.14"

autoprefixer@9.8.0:
  version "9.8.0"
  resolved "https://registry.npmjs.org/autoprefixer/-/autoprefixer-9.8.0.tgz"
  dependencies:
    browserslist "^4.12.0"
    caniuse-lite "^1.0.30001061"
    chalk "^2.4.2"
    normalize-range "^0.1.2"
    num2fraction "^1.2.2"
    postcss "^7.0.30"
    postcss-value-parser "^4.1.0"

axios@0.21.4:
  version "0.21.4"
  resolved "https://registry.yarnpkg.com/axios/-/axios-0.21.4.tgz#c67b90dc0568e5c1cf2b0b858c43ba28e2eda575"
  dependencies:
    follow-redirects "^1.14.0"

babel-runtime@^6.26.0:
  version "6.26.0"
  resolved "https://registry.npmjs.org/babel-runtime/-/babel-runtime-6.26.0.tgz"
  dependencies:
    core-js "^2.4.0"
    regenerator-runtime "^0.11.0"

babel-types@^6.26.0:
  version "6.26.0"
  resolved "https://registry.npmjs.org/babel-types/-/babel-types-6.26.0.tgz"
  dependencies:
    babel-runtime "^6.26.0"
    esutils "^2.0.2"
    lodash "^4.17.4"
    to-fast-properties "^1.0.3"

babylon@^6.18.0:
  version "6.18.0"
  resolved "https://registry.npmjs.org/babylon/-/babylon-6.18.0.tgz"

balanced-match@^1.0.0:
  version "1.0.0"
  resolved "https://registry.npmjs.org/balanced-match/-/balanced-match-1.0.0.tgz"

base64id@2.0.0, base64id@~2.0.0:
  version "2.0.0"
  resolved "https://registry.yarnpkg.com/base64id/-/base64id-2.0.0.tgz#2770ac6bc47d312af97a8bf9a634342e0cd25cb6"

batch@0.6.1:
  version "0.6.1"
  resolved "https://registry.npmjs.org/batch/-/batch-0.6.1.tgz"

binary-extensions@^2.0.0:
  version "2.0.0"
  resolved "https://registry.npmjs.org/binary-extensions/-/binary-extensions-2.0.0.tgz"

bootstrap@4.5.0:
  version "4.5.0"
  resolved "https://registry.npmjs.org/bootstrap/-/bootstrap-4.5.0.tgz"

brace-expansion@^1.1.7:
  version "1.1.11"
  resolved "https://registry.npmjs.org/brace-expansion/-/brace-expansion-1.1.11.tgz"
  dependencies:
    balanced-match "^1.0.0"
    concat-map "0.0.1"

braces@^3.0.3:
  version "3.0.3"
  resolved "https://registry.yarnpkg.com/braces/-/braces-3.0.3.tgz#490332f40919452272d55a8480adc0c441358789"
  dependencies:
    fill-range "^7.1.1"

braces@~3.0.2:
  version "3.0.2"
  resolved "https://registry.npmjs.org/braces/-/braces-3.0.2.tgz"
  dependencies:
    fill-range "^7.0.1"

browser-sync-client@^2.29.3:
  version "2.29.3"
  resolved "https://registry.yarnpkg.com/browser-sync-client/-/browser-sync-client-2.29.3.tgz#9300b97f42abc2c4f95ca29b5a9781b5c492f14a"
  dependencies:
    etag "1.8.1"
    fresh "0.5.2"
    mitt "^1.1.3"

browser-sync-ui@^2.29.3:
  version "2.29.3"
  resolved "https://registry.yarnpkg.com/browser-sync-ui/-/browser-sync-ui-2.29.3.tgz#35e2ce3b470dce6b7219307cac7278bf324a0f16"
  dependencies:
    async-each-series "0.1.1"
    chalk "4.1.2"
    connect-history-api-fallback "^1"
    immutable "^3"
    server-destroy "1.0.1"
    socket.io-client "^4.4.1"
    stream-throttle "^0.1.3"

browser-sync@2.29.3:
  version "2.29.3"
  resolved "https://registry.yarnpkg.com/browser-sync/-/browser-sync-2.29.3.tgz#c2a3ff00c659eb87a13cae9d7a427e1b4b580ee1"
  dependencies:
    browser-sync-client "^2.29.3"
    browser-sync-ui "^2.29.3"
    bs-recipes "1.3.4"
    chalk "4.1.2"
    chokidar "^3.5.1"
    connect "3.6.6"
    connect-history-api-fallback "^1"
    dev-ip "^1.0.1"
    easy-extender "^2.3.4"
    eazy-logger "^4.0.1"
    etag "^1.8.1"
    fresh "^0.5.2"
    fs-extra "3.0.1"
    http-proxy "^1.18.1"
    immutable "^3"
    localtunnel "^2.0.1"
    micromatch "^4.0.2"
    opn "5.3.0"
    portscanner "2.2.0"
    raw-body "^2.3.2"
    resp-modifier "6.0.2"
    rx "4.1.0"
    send "0.16.2"
    serve-index "1.9.1"
    serve-static "1.13.2"
    server-destroy "1.0.1"
    socket.io "^4.4.1"
    ua-parser-js "^1.0.33"
    yargs "^17.3.1"

browserslist@^4.12.0:
  version "4.12.0"
  resolved "https://registry.npmjs.org/browserslist/-/browserslist-4.12.0.tgz"
  dependencies:
    caniuse-lite "^1.0.30001043"
    electron-to-chromium "^1.3.413"
    node-releases "^1.1.53"
    pkg-up "^2.0.0"

bs-recipes@1.3.4:
  version "1.3.4"
  resolved "https://registry.npmjs.org/bs-recipes/-/bs-recipes-1.3.4.tgz"

bytes@3.1.0:
  version "3.1.0"
  resolved "https://registry.npmjs.org/bytes/-/bytes-3.1.0.tgz"

camelcase@^1.0.2:
  version "1.2.1"
  resolved "https://registry.npmjs.org/camelcase/-/camelcase-1.2.1.tgz"

camelcase@^5.0.0:
  version "5.3.1"
  resolved "https://registry.npmjs.org/camelcase/-/camelcase-5.3.1.tgz"

caniuse-lite@^1.0.30001043, caniuse-lite@^1.0.30001061:
  version "1.0.30001062"
  resolved "https://registry.npmjs.org/caniuse-lite/-/caniuse-lite-1.0.30001062.tgz"

center-align@^0.1.1:
  version "0.1.3"
  resolved "https://registry.npmjs.org/center-align/-/center-align-0.1.3.tgz"
  dependencies:
    align-text "^0.1.3"
    lazy-cache "^1.0.3"

chalk@4.1.2:
  version "4.1.2"
  resolved "https://registry.yarnpkg.com/chalk/-/chalk-4.1.2.tgz#aac4e2b7734a740867aeb16bf02aad556a1e7a01"
  dependencies:
    ansi-styles "^4.1.0"
    supports-color "^7.1.0"

chalk@^2.4.2:
  version "2.4.2"
  resolved "https://registry.npmjs.org/chalk/-/chalk-2.4.2.tgz"
  dependencies:
    ansi-styles "^3.2.1"
    escape-string-regexp "^1.0.5"
    supports-color "^5.3.0"

character-parser@^2.1.1:
  version "2.2.0"
  resolved "https://registry.npmjs.org/character-parser/-/character-parser-2.2.0.tgz"
  dependencies:
    is-regex "^1.0.3"

chokidar@3.4.0:
  version "3.4.0"
  resolved "https://registry.npmjs.org/chokidar/-/chokidar-3.4.0.tgz"
  dependencies:
    anymatch "~3.1.1"
    braces "~3.0.2"
    glob-parent "~5.1.0"
    is-binary-path "~2.1.0"
    is-glob "~4.0.1"
    normalize-path "~3.0.0"
    readdirp "~3.4.0"
  optionalDependencies:
    fsevents "~2.1.2"

"chokidar@>=2.0.0 <4.0.0", chokidar@^3.5.1:
  version "3.6.0"
  resolved "https://registry.yarnpkg.com/chokidar/-/chokidar-3.6.0.tgz#197c6cc669ef2a8dc5e7b4d97ee4e092c3eb0d5b"
  dependencies:
    anymatch "~3.1.2"
    braces "~3.0.2"
    glob-parent "~5.1.2"
    is-binary-path "~2.1.0"
    is-glob "~4.0.1"
    normalize-path "~3.0.0"
    readdirp "~3.6.0"
  optionalDependencies:
    fsevents "~2.3.2"

clean-css@^4.1.11:
  version "4.2.3"
  resolved "https://registry.npmjs.org/clean-css/-/clean-css-4.2.3.tgz"
  dependencies:
    source-map "~0.6.0"

cliui@^2.1.0:
  version "2.1.0"
  resolved "https://registry.npmjs.org/cliui/-/cliui-2.1.0.tgz"
  dependencies:
    center-align "^0.1.1"
    right-align "^0.1.1"
    wordwrap "0.0.2"

cliui@^5.0.0:
  version "5.0.0"
  resolved "https://registry.npmjs.org/cliui/-/cliui-5.0.0.tgz"
  dependencies:
    string-width "^3.1.0"
    strip-ansi "^5.2.0"
    wrap-ansi "^5.1.0"

cliui@^7.0.2:
  version "7.0.4"
  resolved "https://registry.yarnpkg.com/cliui/-/cliui-7.0.4.tgz#a0265ee655476fc807aea9df3df8df7783808b4f"
  dependencies:
    string-width "^4.2.0"
    strip-ansi "^6.0.0"
    wrap-ansi "^7.0.0"

cliui@^8.0.1:
  version "8.0.1"
  resolved "https://registry.yarnpkg.com/cliui/-/cliui-8.0.1.tgz#0c04b075db02cbfe60dc8e6cf2f5486b1a3608aa"
  dependencies:
    string-width "^4.2.0"
    strip-ansi "^6.0.1"
    wrap-ansi "^7.0.0"

color-convert@^1.9.0:
  version "1.9.3"
  resolved "https://registry.npmjs.org/color-convert/-/color-convert-1.9.3.tgz"
  dependencies:
    color-name "1.1.3"

color-convert@^2.0.1:
  version "2.0.1"
  resolved "https://registry.yarnpkg.com/color-convert/-/color-convert-2.0.1.tgz#72d3a68d598c9bdb3af2ad1e84f21d896abd4de3"
  dependencies:
    color-name "~1.1.4"

color-name@1.1.3:
  version "1.1.3"
  resolved "https://registry.npmjs.org/color-name/-/color-name-1.1.3.tgz"

color-name@~1.1.4:
  version "1.1.4"
  resolved "https://registry.yarnpkg.com/color-name/-/color-name-1.1.4.tgz#c2a09a87acbde69543de6f63fa3995c826c536a2"

commander@^2.2.0:
  version "2.20.3"
  resolved "https://registry.npmjs.org/commander/-/commander-2.20.3.tgz"

concat-map@0.0.1:
  version "0.0.1"
  resolved "https://registry.npmjs.org/concat-map/-/concat-map-0.0.1.tgz"

concurrently@5.2.0:
  version "5.2.0"
  resolved "https://registry.npmjs.org/concurrently/-/concurrently-5.2.0.tgz"
  dependencies:
    chalk "^2.4.2"
    date-fns "^2.0.1"
    lodash "^4.17.15"
    read-pkg "^4.0.1"
    rxjs "^6.5.2"
    spawn-command "^0.0.2-1"
    supports-color "^6.1.0"
    tree-kill "^1.2.2"
    yargs "^13.3.0"

connect-history-api-fallback@^1:
  version "1.6.0"
  resolved "https://registry.npmjs.org/connect-history-api-fallback/-/connect-history-api-fallback-1.6.0.tgz"

connect@3.6.6:
  version "3.6.6"
  resolved "https://registry.npmjs.org/connect/-/connect-3.6.6.tgz"
  dependencies:
    debug "2.6.9"
    finalhandler "1.1.0"
    parseurl "~1.3.2"
    utils-merge "1.0.1"

constantinople@^3.0.1, constantinople@^3.1.2:
  version "3.1.2"
  resolved "https://registry.npmjs.org/constantinople/-/constantinople-3.1.2.tgz"
  dependencies:
    "@types/babel-types" "^7.0.0"
    "@types/babylon" "^6.16.2"
    babel-types "^6.26.0"
    babylon "^6.18.0"

cookie@~0.4.1:
  version "0.4.2"
  resolved "https://registry.yarnpkg.com/cookie/-/cookie-0.4.2.tgz#0e41f24de5ecf317947c82fc789e06a884824432"

core-js@^2.4.0:
  version "2.6.11"
  resolved "https://registry.npmjs.org/core-js/-/core-js-2.6.11.tgz"

cors@~2.8.5:
  version "2.8.5"
  resolved "https://registry.yarnpkg.com/cors/-/cors-2.8.5.tgz#eac11da51592dd86b9f06f6e7ac293b3df875d29"
  dependencies:
    object-assign "^4"
    vary "^1"

date-fns@^2.0.1:
  version "2.14.0"
  resolved "https://registry.npmjs.org/date-fns/-/date-fns-2.14.0.tgz"

debug@2.6.9, debug@^2.2.0:
  version "2.6.9"
  resolved "https://registry.npmjs.org/debug/-/debug-2.6.9.tgz"
  dependencies:
    ms "2.0.0"

debug@4.3.2:
  version "4.3.2"
  resolved "https://registry.yarnpkg.com/debug/-/debug-4.3.2.tgz#f0a49c18ac8779e31d4a0c6029dfb76873c7428b"
  dependencies:
    ms "2.1.2"

debug@~4.3.1, debug@~4.3.2, debug@~4.3.4:
  version "4.3.7"
  resolved "https://registry.yarnpkg.com/debug/-/debug-4.3.7.tgz#87945b4151a011d76d95a198d7111c865c360a52"
  dependencies:
    ms "^2.1.3"

decamelize@^1.0.0, decamelize@^1.2.0:
  version "1.2.0"
  resolved "https://registry.npmjs.org/decamelize/-/decamelize-1.2.0.tgz"

depd@~1.1.2:
  version "1.1.2"
  resolved "https://registry.npmjs.org/depd/-/depd-1.1.2.tgz"

destroy@~1.0.4:
  version "1.0.4"
  resolved "https://registry.npmjs.org/destroy/-/destroy-1.0.4.tgz"

dev-ip@^1.0.1:
  version "1.0.1"
  resolved "https://registry.npmjs.org/dev-ip/-/dev-ip-1.0.1.tgz"

doctypes@^1.1.0:
  version "1.1.0"
  resolved "https://registry.npmjs.org/doctypes/-/doctypes-1.1.0.tgz"

easy-extender@^2.3.4:
  version "2.3.4"
  resolved "https://registry.npmjs.org/easy-extender/-/easy-extender-2.3.4.tgz"
  dependencies:
    lodash "^4.17.10"

eazy-logger@^4.0.1:
  version "4.0.1"
  resolved "https://registry.yarnpkg.com/eazy-logger/-/eazy-logger-4.0.1.tgz#2e9fe487fb14ed6ac20d5f01d90dff377d403041"
  dependencies:
    chalk "4.1.2"

ee-first@1.1.1:
  version "1.1.1"
  resolved "https://registry.npmjs.org/ee-first/-/ee-first-1.1.1.tgz"

electron-to-chromium@^1.3.413:
  version "1.3.446"
  resolved "https://registry.npmjs.org/electron-to-chromium/-/electron-to-chromium-1.3.446.tgz"

emoji-regex@^7.0.1:
  version "7.0.3"
  resolved "https://registry.npmjs.org/emoji-regex/-/emoji-regex-7.0.3.tgz"

emoji-regex@^8.0.0:
  version "8.0.0"
  resolved "https://registry.yarnpkg.com/emoji-regex/-/emoji-regex-8.0.0.tgz#e818fd69ce5ccfcb404594f842963bf53164cc37"

encodeurl@~1.0.1, encodeurl@~1.0.2:
  version "1.0.2"
  resolved "https://registry.npmjs.org/encodeurl/-/encodeurl-1.0.2.tgz"

engine.io-client@~6.5.2:
  version "6.5.4"
  resolved "https://registry.yarnpkg.com/engine.io-client/-/engine.io-client-6.5.4.tgz#b8bc71ed3f25d0d51d587729262486b4b33bd0d0"
  dependencies:
    "@socket.io/component-emitter" "~3.1.0"
    debug "~4.3.1"
    engine.io-parser "~5.2.1"
    ws "~8.17.1"
    xmlhttprequest-ssl "~2.0.0"

engine.io-parser@~5.2.1:
  version "5.2.3"
  resolved "https://registry.yarnpkg.com/engine.io-parser/-/engine.io-parser-5.2.3.tgz#00dc5b97b1f233a23c9398d0209504cf5f94d92f"

engine.io@~6.5.2:
  version "6.5.5"
  resolved "https://registry.yarnpkg.com/engine.io/-/engine.io-6.5.5.tgz#430b80d8840caab91a50e9e23cb551455195fc93"
  dependencies:
    "@types/cookie" "^0.4.1"
    "@types/cors" "^2.8.12"
    "@types/node" ">=10.0.0"
    accepts "~1.3.4"
    base64id "2.0.0"
    cookie "~0.4.1"
    cors "~2.8.5"
    debug "~4.3.1"
    engine.io-parser "~5.2.1"
    ws "~8.17.1"

error-ex@^1.3.1:
  version "1.3.2"
  resolved "https://registry.npmjs.org/error-ex/-/error-ex-1.3.2.tgz"
  dependencies:
    is-arrayish "^0.2.1"

escalade@^3.1.1:
  version "3.2.0"
  resolved "https://registry.yarnpkg.com/escalade/-/escalade-3.2.0.tgz#011a3f69856ba189dffa7dc8fcce99d2a87903e5"

escape-html@~1.0.3:
  version "1.0.3"
  resolved "https://registry.npmjs.org/escape-html/-/escape-html-1.0.3.tgz"

escape-string-regexp@^1.0.5:
  version "1.0.5"
  resolved "https://registry.npmjs.org/escape-string-regexp/-/escape-string-regexp-1.0.5.tgz"

esutils@^2.0.2:
  version "2.0.3"
  resolved "https://registry.npmjs.org/esutils/-/esutils-2.0.3.tgz"

etag@1.8.1, etag@^1.8.1, etag@~1.8.1:
  version "1.8.1"
  resolved "https://registry.npmjs.org/etag/-/etag-1.8.1.tgz"

eventemitter3@^4.0.0:
  version "4.0.7"
  resolved "https://registry.yarnpkg.com/eventemitter3/-/eventemitter3-4.0.7.tgz#2de9b68f6528d5644ef5c59526a1b4a07306169f"

fill-range@^7.0.1:
  version "7.0.1"
  resolved "https://registry.npmjs.org/fill-range/-/fill-range-7.0.1.tgz"
  dependencies:
    to-regex-range "^5.0.1"

fill-range@^7.1.1:
  version "7.1.1"
  resolved "https://registry.yarnpkg.com/fill-range/-/fill-range-7.1.1.tgz#44265d3cac07e3ea7dc247516380643754a05292"
  dependencies:
    to-regex-range "^5.0.1"

finalhandler@1.1.0:
  version "1.1.0"
  resolved "https://registry.npmjs.org/finalhandler/-/finalhandler-1.1.0.tgz"
  dependencies:
    debug "2.6.9"
    encodeurl "~1.0.1"
    escape-html "~1.0.3"
    on-finished "~2.3.0"
    parseurl "~1.3.2"
    statuses "~1.3.1"
    unpipe "~1.0.0"

find-up@^2.1.0:
  version "2.1.0"
  resolved "https://registry.npmjs.org/find-up/-/find-up-2.1.0.tgz"
  dependencies:
    locate-path "^2.0.0"

find-up@^3.0.0:
  version "3.0.0"
  resolved "https://registry.npmjs.org/find-up/-/find-up-3.0.0.tgz"
  dependencies:
    locate-path "^3.0.0"

follow-redirects@^1.0.0, follow-redirects@^1.14.0:
  version "1.15.9"
  resolved "https://registry.yarnpkg.com/follow-redirects/-/follow-redirects-1.15.9.tgz#a604fa10e443bf98ca94228d9eebcc2e8a2c8ee1"

fresh@0.5.2, fresh@^0.5.2:
  version "0.5.2"
  resolved "https://registry.npmjs.org/fresh/-/fresh-0.5.2.tgz"

fs-extra@3.0.1:
  version "3.0.1"
  resolved "https://registry.npmjs.org/fs-extra/-/fs-extra-3.0.1.tgz"
  dependencies:
    graceful-fs "^4.1.2"
    jsonfile "^3.0.0"
    universalify "^0.1.0"

fs.realpath@^1.0.0:
  version "1.0.0"
  resolved "https://registry.npmjs.org/fs.realpath/-/fs.realpath-1.0.0.tgz"

fsevents@~2.1.2:
  version "2.1.3"
  resolved "https://registry.npmjs.org/fsevents/-/fsevents-2.1.3.tgz"

fsevents@~2.3.2:
  version "2.3.3"
  resolved "https://registry.yarnpkg.com/fsevents/-/fsevents-2.3.3.tgz#cac6407785d03675a2a5e1a5305c697b347d90d6"

function-bind@^1.1.1:
  version "1.1.1"
  resolved "https://registry.npmjs.org/function-bind/-/function-bind-1.1.1.tgz"

get-caller-file@^2.0.1, get-caller-file@^2.0.5:
  version "2.0.5"
  resolved "https://registry.npmjs.org/get-caller-file/-/get-caller-file-2.0.5.tgz"

glob-parent@~5.1.0:
  version "5.1.1"
  resolved "https://registry.npmjs.org/glob-parent/-/glob-parent-5.1.1.tgz"
  dependencies:
    is-glob "^4.0.1"

glob-parent@~5.1.2:
  version "5.1.2"
  resolved "https://registry.yarnpkg.com/glob-parent/-/glob-parent-5.1.2.tgz#869832c58034fe68a4093c17dc15e8340d8401c4"
  dependencies:
    is-glob "^4.0.1"

glob@^7.0.0:
  version "7.1.6"
  resolved "https://registry.npmjs.org/glob/-/glob-7.1.6.tgz"
  dependencies:
    fs.realpath "^1.0.0"
    inflight "^1.0.4"
    inherits "2"
    minimatch "^3.0.4"
    once "^1.3.0"
    path-is-absolute "^1.0.0"

graceful-fs@^4.1.2, graceful-fs@^4.1.6:
  version "4.2.3"
  resolved "https://registry.npmjs.org/graceful-fs/-/graceful-fs-4.2.3.tgz"

has-flag@^3.0.0:
  version "3.0.0"
  resolved "https://registry.npmjs.org/has-flag/-/has-flag-3.0.0.tgz"

has-flag@^4.0.0:
  version "4.0.0"
  resolved "https://registry.yarnpkg.com/has-flag/-/has-flag-4.0.0.tgz#944771fd9c81c81265c4d6941860da06bb59479b"

has@^1.0.3:
  version "1.0.3"
  resolved "https://registry.npmjs.org/has/-/has-1.0.3.tgz"
  dependencies:
    function-bind "^1.1.1"

hosted-git-info@^2.1.4:
  version "2.8.8"
  resolved "https://registry.npmjs.org/hosted-git-info/-/hosted-git-info-2.8.8.tgz"

http-errors@1.7.3:
  version "1.7.3"
  resolved "https://registry.npmjs.org/http-errors/-/http-errors-1.7.3.tgz"
  dependencies:
    depd "~1.1.2"
    inherits "2.0.4"
    setprototypeof "1.1.1"
    statuses ">= 1.5.0 < 2"
    toidentifier "1.0.0"

http-errors@~1.6.2:
  version "1.6.3"
  resolved "https://registry.npmjs.org/http-errors/-/http-errors-1.6.3.tgz"
  dependencies:
    depd "~1.1.2"
    inherits "2.0.3"
    setprototypeof "1.1.0"
    statuses ">= 1.4.0 < 2"

http-proxy@^1.18.1:
  version "1.18.1"
  resolved "https://registry.yarnpkg.com/http-proxy/-/http-proxy-1.18.1.tgz#401541f0534884bbf95260334e72f88ee3976549"
  dependencies:
    eventemitter3 "^4.0.0"
    follow-redirects "^1.0.0"
    requires-port "^1.0.0"

iconv-lite@0.4.24:
  version "0.4.24"
  resolved "https://registry.npmjs.org/iconv-lite/-/iconv-lite-0.4.24.tgz"
  dependencies:
    safer-buffer ">= 2.1.2 < 3"

immutable@^3:
  version "3.8.2"
  resolved "https://registry.npmjs.org/immutable/-/immutable-3.8.2.tgz"

inflight@^1.0.4:
  version "1.0.6"
  resolved "https://registry.npmjs.org/inflight/-/inflight-1.0.6.tgz"
  dependencies:
    once "^1.3.0"
    wrappy "1"

inherits@2, inherits@2.0.4:
  version "2.0.4"
  resolved "https://registry.npmjs.org/inherits/-/inherits-2.0.4.tgz"

inherits@2.0.3:
  version "2.0.3"
  resolved "https://registry.npmjs.org/inherits/-/inherits-2.0.3.tgz"

interpret@^1.0.0:
  version "1.2.0"
  resolved "https://registry.npmjs.org/interpret/-/interpret-1.2.0.tgz"

is-arrayish@^0.2.1:
  version "0.2.1"
  resolved "https://registry.npmjs.org/is-arrayish/-/is-arrayish-0.2.1.tgz"

is-binary-path@~2.1.0:
  version "2.1.0"
  resolved "https://registry.npmjs.org/is-binary-path/-/is-binary-path-2.1.0.tgz"
  dependencies:
    binary-extensions "^2.0.0"

is-buffer@^1.1.5:
  version "1.1.6"
  resolved "https://registry.npmjs.org/is-buffer/-/is-buffer-1.1.6.tgz"

is-expression@^3.0.0:
  version "3.0.0"
  resolved "https://registry.npmjs.org/is-expression/-/is-expression-3.0.0.tgz"
  dependencies:
    acorn "~4.0.2"
    object-assign "^4.0.1"

is-extglob@^2.1.1:
  version "2.1.1"
  resolved "https://registry.npmjs.org/is-extglob/-/is-extglob-2.1.1.tgz"

is-fullwidth-code-point@^2.0.0:
  version "2.0.0"
  resolved "https://registry.npmjs.org/is-fullwidth-code-point/-/is-fullwidth-code-point-2.0.0.tgz"

is-fullwidth-code-point@^3.0.0:
  version "3.0.0"
  resolved "https://registry.yarnpkg.com/is-fullwidth-code-point/-/is-fullwidth-code-point-3.0.0.tgz#f116f8064fe90b3f7844a38997c0b75051269f1d"

is-glob@^4.0.1, is-glob@~4.0.1:
  version "4.0.1"
  resolved "https://registry.npmjs.org/is-glob/-/is-glob-4.0.1.tgz"
  dependencies:
    is-extglob "^2.1.1"

is-number-like@^1.0.3:
  version "1.0.8"
  resolved "https://registry.npmjs.org/is-number-like/-/is-number-like-1.0.8.tgz"
  dependencies:
    lodash.isfinite "^3.3.2"

is-number@^7.0.0:
  version "7.0.0"
  resolved "https://registry.npmjs.org/is-number/-/is-number-7.0.0.tgz"

is-promise@^2.0.0:
  version "2.1.0"
  resolved "https://registry.npmjs.org/is-promise/-/is-promise-2.1.0.tgz"

is-regex@^1.0.3:
  version "1.0.5"
  resolved "https://registry.npmjs.org/is-regex/-/is-regex-1.0.5.tgz"
  dependencies:
    has "^1.0.3"

is-wsl@^1.1.0:
  version "1.1.0"
  resolved "https://registry.npmjs.org/is-wsl/-/is-wsl-1.1.0.tgz"

jquery@^3.5.1:
  version "3.5.1"
  resolved "https://registry.npmjs.org/jquery/-/jquery-3.5.1.tgz"

js-stringify@^1.0.1:
  version "1.0.2"
  resolved "https://registry.npmjs.org/js-stringify/-/js-stringify-1.0.2.tgz"

json-parse-better-errors@^1.0.1:
  version "1.0.2"
  resolved "https://registry.npmjs.org/json-parse-better-errors/-/json-parse-better-errors-1.0.2.tgz"

jsonfile@^3.0.0:
  version "3.0.1"
  resolved "https://registry.npmjs.org/jsonfile/-/jsonfile-3.0.1.tgz"
  optionalDependencies:
    graceful-fs "^4.1.6"

jstransformer@1.0.0:
  version "1.0.0"
  resolved "https://registry.npmjs.org/jstransformer/-/jstransformer-1.0.0.tgz"
  dependencies:
    is-promise "^2.0.0"
    promise "^7.0.1"

kind-of@^3.0.2:
  version "3.2.2"
  resolved "https://registry.npmjs.org/kind-of/-/kind-of-3.2.2.tgz"
  dependencies:
    is-buffer "^1.1.5"

lazy-cache@^1.0.3:
  version "1.0.4"
  resolved "https://registry.npmjs.org/lazy-cache/-/lazy-cache-1.0.4.tgz"

limiter@^1.0.5:
  version "1.1.5"
  resolved "https://registry.npmjs.org/limiter/-/limiter-1.1.5.tgz"

localtunnel@^2.0.1:
  version "2.0.2"
  resolved "https://registry.yarnpkg.com/localtunnel/-/localtunnel-2.0.2.tgz#528d50087151c4790f89c2db374fe7b0a48501f0"
  dependencies:
    axios "0.21.4"
    debug "4.3.2"
    openurl "1.1.1"
    yargs "17.1.1"

locate-path@^2.0.0:
  version "2.0.0"
  resolved "https://registry.npmjs.org/locate-path/-/locate-path-2.0.0.tgz"
  dependencies:
    p-locate "^2.0.0"
    path-exists "^3.0.0"

locate-path@^3.0.0:
  version "3.0.0"
  resolved "https://registry.npmjs.org/locate-path/-/locate-path-3.0.0.tgz"
  dependencies:
    p-locate "^3.0.0"
    path-exists "^3.0.0"

lodash.isfinite@^3.3.2:
  version "3.3.2"
  resolved "https://registry.npmjs.org/lodash.isfinite/-/lodash.isfinite-3.3.2.tgz"

lodash@^4.17.10, lodash@^4.17.15, lodash@^4.17.4:
  version "4.17.15"
  resolved "https://registry.npmjs.org/lodash/-/lodash-4.17.15.tgz"

lodash@^4.17.14:
  version "4.17.21"
  resolved "https://registry.yarnpkg.com/lodash/-/lodash-4.17.21.tgz#679591c564c3bffaae8454cf0b3df370c3d6911c"

longest@^1.0.1:
  version "1.0.1"
  resolved "https://registry.npmjs.org/longest/-/longest-1.0.1.tgz"

micromatch@^4.0.2:
  version "4.0.8"
  resolved "https://registry.yarnpkg.com/micromatch/-/micromatch-4.0.8.tgz#d66fa18f3a47076789320b9b1af32bd86d9fa202"
  dependencies:
    braces "^3.0.3"
    picomatch "^2.3.1"

mime-db@1.43.0:
  version "1.43.0"
  resolved "https://registry.npmjs.org/mime-db/-/mime-db-1.43.0.tgz"

mime-types@~2.1.17, mime-types@~2.1.24:
  version "2.1.26"
  resolved "https://registry.npmjs.org/mime-types/-/mime-types-2.1.26.tgz"
  dependencies:
    mime-db "1.43.0"

mime@1.4.1:
  version "1.4.1"
  resolved "https://registry.npmjs.org/mime/-/mime-1.4.1.tgz"

minimatch@^3.0.2, minimatch@^3.0.4:
  version "3.0.4"
  resolved "https://registry.npmjs.org/minimatch/-/minimatch-3.0.4.tgz"
  dependencies:
    brace-expansion "^1.1.7"

mitt@^1.1.3:
  version "1.2.0"
  resolved "https://registry.npmjs.org/mitt/-/mitt-1.2.0.tgz"

ms@2.0.0:
  version "2.0.0"
  resolved "https://registry.npmjs.org/ms/-/ms-2.0.0.tgz"

ms@2.1.2:
  version "2.1.2"
  resolved "https://registry.yarnpkg.com/ms/-/ms-2.1.2.tgz#d09d1f357b443f493382a8eb3ccd183872ae6009"

ms@^2.1.3:
  version "2.1.3"
  resolved "https://registry.yarnpkg.com/ms/-/ms-2.1.3.tgz#574c8138ce1d2b5861f0b44579dbadd60c6615b2"

negotiator@0.6.2:
  version "0.6.2"
  resolved "https://registry.npmjs.org/negotiator/-/negotiator-0.6.2.tgz"

node-releases@^1.1.53:
  version "1.1.56"
  resolved "https://registry.npmjs.org/node-releases/-/node-releases-1.1.56.tgz"

normalize-package-data@^2.3.2:
  version "2.5.0"
  resolved "https://registry.npmjs.org/normalize-package-data/-/normalize-package-data-2.5.0.tgz"
  dependencies:
    hosted-git-info "^2.1.4"
    resolve "^1.10.0"
    semver "2 || 3 || 4 || 5"
    validate-npm-package-license "^3.0.1"

normalize-path@^3.0.0, normalize-path@~3.0.0:
  version "3.0.0"
  resolved "https://registry.npmjs.org/normalize-path/-/normalize-path-3.0.0.tgz"

normalize-range@^0.1.2:
  version "0.1.2"
  resolved "https://registry.npmjs.org/normalize-range/-/normalize-range-0.1.2.tgz"

num2fraction@^1.2.2:
  version "1.2.2"
  resolved "https://registry.npmjs.org/num2fraction/-/num2fraction-1.2.2.tgz"

object-assign@^4, object-assign@^4.0.1, object-assign@^4.1.0:
  version "4.1.1"
  resolved "https://registry.npmjs.org/object-assign/-/object-assign-4.1.1.tgz"

on-finished@~2.3.0:
  version "2.3.0"
  resolved "https://registry.npmjs.org/on-finished/-/on-finished-2.3.0.tgz"
  dependencies:
    ee-first "1.1.1"

once@^1.3.0:
  version "1.4.0"
  resolved "https://registry.npmjs.org/once/-/once-1.4.0.tgz"
  dependencies:
    wrappy "1"

openurl@1.1.1:
  version "1.1.1"
  resolved "https://registry.npmjs.org/openurl/-/openurl-1.1.1.tgz"

opn@5.3.0:
  version "5.3.0"
  resolved "https://registry.npmjs.org/opn/-/opn-5.3.0.tgz"
  dependencies:
    is-wsl "^1.1.0"

p-limit@^1.1.0:
  version "1.3.0"
  resolved "https://registry.npmjs.org/p-limit/-/p-limit-1.3.0.tgz"
  dependencies:
    p-try "^1.0.0"

p-limit@^2.0.0:
  version "2.3.0"
  resolved "https://registry.npmjs.org/p-limit/-/p-limit-2.3.0.tgz"
  dependencies:
    p-try "^2.0.0"

p-locate@^2.0.0:
  version "2.0.0"
  resolved "https://registry.npmjs.org/p-locate/-/p-locate-2.0.0.tgz"
  dependencies:
    p-limit "^1.1.0"

p-locate@^3.0.0:
  version "3.0.0"
  resolved "https://registry.npmjs.org/p-locate/-/p-locate-3.0.0.tgz"
  dependencies:
    p-limit "^2.0.0"

p-try@^1.0.0:
  version "1.0.0"
  resolved "https://registry.npmjs.org/p-try/-/p-try-1.0.0.tgz"

p-try@^2.0.0:
  version "2.2.0"
  resolved "https://registry.npmjs.org/p-try/-/p-try-2.2.0.tgz"

parse-json@^4.0.0:
  version "4.0.0"
  resolved "https://registry.npmjs.org/parse-json/-/parse-json-4.0.0.tgz"
  dependencies:
    error-ex "^1.3.1"
    json-parse-better-errors "^1.0.1"

parseurl@~1.3.2:
  version "1.3.3"
  resolved "https://registry.npmjs.org/parseurl/-/parseurl-1.3.3.tgz"

path-exists@^3.0.0:
  version "3.0.0"
  resolved "https://registry.npmjs.org/path-exists/-/path-exists-3.0.0.tgz"

path-is-absolute@^1.0.0:
  version "1.0.1"
  resolved "https://registry.npmjs.org/path-is-absolute/-/path-is-absolute-1.0.1.tgz"

path-parse@^1.0.6:
  version "1.0.6"
  resolved "https://registry.npmjs.org/path-parse/-/path-parse-1.0.6.tgz"

picomatch@^2.0.4, picomatch@^2.2.1:
  version "2.2.2"
  resolved "https://registry.npmjs.org/picomatch/-/picomatch-2.2.2.tgz"

picomatch@^2.3.1:
  version "2.3.1"
  resolved "https://registry.yarnpkg.com/picomatch/-/picomatch-2.3.1.tgz#3ba3833733646d9d3e4995946c1365a67fb07a42"

pify@^3.0.0:
  version "3.0.0"
  resolved "https://registry.npmjs.org/pify/-/pify-3.0.0.tgz"

pkg-up@^2.0.0:
  version "2.0.0"
  resolved "https://registry.npmjs.org/pkg-up/-/pkg-up-2.0.0.tgz"
  dependencies:
    find-up "^2.1.0"

popper.js@^1.16.1:
  version "1.16.1"
  resolved "https://registry.npmjs.org/popper.js/-/popper.js-1.16.1.tgz"

portscanner@2.2.0:
  version "2.2.0"
  resolved "https://registry.yarnpkg.com/portscanner/-/portscanner-2.2.0.tgz#6059189b3efa0965c9d96a56b958eb9508411cf1"
  dependencies:
    async "^2.6.0"
    is-number-like "^1.0.3"

postcss-value-parser@^4.1.0:
  version "4.1.0"
  resolved "https://registry.npmjs.org/postcss-value-parser/-/postcss-value-parser-4.1.0.tgz"

postcss@7.0.30, postcss@^7.0.30:
  version "7.0.30"
  resolved "https://registry.npmjs.org/postcss/-/postcss-7.0.30.tgz"
  dependencies:
    chalk "^2.4.2"
    source-map "^0.6.1"
    supports-color "^6.1.0"

prettier@2.0.5:
  version "2.0.5"
  resolved "https://registry.npmjs.org/prettier/-/prettier-2.0.5.tgz"

promise@^7.0.1:
  version "7.3.1"
  resolved "https://registry.npmjs.org/promise/-/promise-7.3.1.tgz"
  dependencies:
    asap "~2.0.3"

pug-attrs@^2.0.4:
  version "2.0.4"
  resolved "https://registry.npmjs.org/pug-attrs/-/pug-attrs-2.0.4.tgz"
  dependencies:
    constantinople "^3.0.1"
    js-stringify "^1.0.1"
    pug-runtime "^2.0.5"

pug-code-gen@^2.0.2:
  version "2.0.2"
  resolved "https://registry.npmjs.org/pug-code-gen/-/pug-code-gen-2.0.2.tgz"
  dependencies:
    constantinople "^3.1.2"
    doctypes "^1.1.0"
    js-stringify "^1.0.1"
    pug-attrs "^2.0.4"
    pug-error "^1.3.3"
    pug-runtime "^2.0.5"
    void-elements "^2.0.1"
    with "^5.0.0"

pug-error@^1.3.3:
  version "1.3.3"
  resolved "https://registry.npmjs.org/pug-error/-/pug-error-1.3.3.tgz"

pug-filters@^3.1.1:
  version "3.1.1"
  resolved "https://registry.npmjs.org/pug-filters/-/pug-filters-3.1.1.tgz"
  dependencies:
    clean-css "^4.1.11"
    constantinople "^3.0.1"
    jstransformer "1.0.0"
    pug-error "^1.3.3"
    pug-walk "^1.1.8"
    resolve "^1.1.6"
    uglify-js "^2.6.1"

pug-lexer@^4.1.0:
  version "4.1.0"
  resolved "https://registry.npmjs.org/pug-lexer/-/pug-lexer-4.1.0.tgz"
  dependencies:
    character-parser "^2.1.1"
    is-expression "^3.0.0"
    pug-error "^1.3.3"

pug-linker@^3.0.6:
  version "3.0.6"
  resolved "https://registry.npmjs.org/pug-linker/-/pug-linker-3.0.6.tgz"
  dependencies:
    pug-error "^1.3.3"
    pug-walk "^1.1.8"

pug-load@^2.0.12:
  version "2.0.12"
  resolved "https://registry.npmjs.org/pug-load/-/pug-load-2.0.12.tgz"
  dependencies:
    object-assign "^4.1.0"
    pug-walk "^1.1.8"

pug-parser@^5.0.1:
  version "5.0.1"
  resolved "https://registry.npmjs.org/pug-parser/-/pug-parser-5.0.1.tgz"
  dependencies:
    pug-error "^1.3.3"
    token-stream "0.0.1"

pug-runtime@^2.0.5:
  version "2.0.5"
  resolved "https://registry.npmjs.org/pug-runtime/-/pug-runtime-2.0.5.tgz"

pug-strip-comments@^1.0.4:
  version "1.0.4"
  resolved "https://registry.npmjs.org/pug-strip-comments/-/pug-strip-comments-1.0.4.tgz"
  dependencies:
    pug-error "^1.3.3"

pug-walk@^1.1.8:
  version "1.1.8"
  resolved "https://registry.npmjs.org/pug-walk/-/pug-walk-1.1.8.tgz"

pug@2.0.4:
  version "2.0.4"
  resolved "https://registry.npmjs.org/pug/-/pug-2.0.4.tgz"
  dependencies:
    pug-code-gen "^2.0.2"
    pug-filters "^3.1.1"
    pug-lexer "^4.1.0"
    pug-linker "^3.0.6"
    pug-load "^2.0.12"
    pug-parser "^5.0.1"
    pug-runtime "^2.0.5"
    pug-strip-comments "^1.0.4"

range-parser@~1.2.0:
  version "1.2.1"
  resolved "https://registry.npmjs.org/range-parser/-/range-parser-1.2.1.tgz"

raw-body@^2.3.2:
  version "2.4.1"
  resolved "https://registry.npmjs.org/raw-body/-/raw-body-2.4.1.tgz"
  dependencies:
    bytes "3.1.0"
    http-errors "1.7.3"
    iconv-lite "0.4.24"
    unpipe "1.0.0"

read-pkg@^4.0.1:
  version "4.0.1"
  resolved "https://registry.npmjs.org/read-pkg/-/read-pkg-4.0.1.tgz"
  dependencies:
    normalize-package-data "^2.3.2"
    parse-json "^4.0.0"
    pify "^3.0.0"

readdirp@~3.4.0:
  version "3.4.0"
  resolved "https://registry.npmjs.org/readdirp/-/readdirp-3.4.0.tgz"
  dependencies:
    picomatch "^2.2.1"

readdirp@~3.6.0:
  version "3.6.0"
  resolved "https://registry.yarnpkg.com/readdirp/-/readdirp-3.6.0.tgz#74a370bd857116e245b29cc97340cd431a02a6c7"
  dependencies:
    picomatch "^2.2.1"

rechoir@^0.6.2:
  version "0.6.2"
  resolved "https://registry.npmjs.org/rechoir/-/rechoir-0.6.2.tgz"
  dependencies:
    resolve "^1.1.6"

regenerator-runtime@^0.11.0:
  version "0.11.1"
  resolved "https://registry.npmjs.org/regenerator-runtime/-/regenerator-runtime-0.11.1.tgz"

repeat-string@^1.5.2:
  version "1.6.1"
  resolved "https://registry.npmjs.org/repeat-string/-/repeat-string-1.6.1.tgz"

require-directory@^2.1.1:
  version "2.1.1"
  resolved "https://registry.npmjs.org/require-directory/-/require-directory-2.1.1.tgz"

require-main-filename@^2.0.0:
  version "2.0.0"
  resolved "https://registry.npmjs.org/require-main-filename/-/require-main-filename-2.0.0.tgz"

requires-port@^1.0.0:
  version "1.0.0"
  resolved "https://registry.yarnpkg.com/requires-port/-/requires-port-1.0.0.tgz#925d2601d39ac485e091cf0da5c6e694dc3dcaff"

resolve@^1.1.6, resolve@^1.10.0:
  version "1.15.1"
  resolved "https://registry.npmjs.org/resolve/-/resolve-1.15.1.tgz"
  dependencies:
    path-parse "^1.0.6"

resp-modifier@6.0.2:
  version "6.0.2"
  resolved "https://registry.npmjs.org/resp-modifier/-/resp-modifier-6.0.2.tgz"
  dependencies:
    debug "^2.2.0"
    minimatch "^3.0.2"

right-align@^0.1.1:
  version "0.1.3"
  resolved "https://registry.npmjs.org/right-align/-/right-align-0.1.3.tgz"
  dependencies:
    align-text "^0.1.1"

rx@4.1.0:
  version "4.1.0"
  resolved "https://registry.npmjs.org/rx/-/rx-4.1.0.tgz"

rxjs@^6.5.2:
  version "6.5.5"
  resolved "https://registry.npmjs.org/rxjs/-/rxjs-6.5.5.tgz"
  dependencies:
    tslib "^1.9.0"

"safer-buffer@>= 2.1.2 < 3":
  version "2.1.2"
  resolved "https://registry.npmjs.org/safer-buffer/-/safer-buffer-2.1.2.tgz"

sass@1.26.5:
  version "1.26.5"
  resolved "https://registry.npmjs.org/sass/-/sass-1.26.5.tgz"
  dependencies:
    chokidar ">=2.0.0 <4.0.0"

"semver@2 || 3 || 4 || 5":
  version "5.7.1"
  resolved "https://registry.npmjs.org/semver/-/semver-5.7.1.tgz"

send@0.16.2:
  version "0.16.2"
  resolved "https://registry.npmjs.org/send/-/send-0.16.2.tgz"
  dependencies:
    debug "2.6.9"
    depd "~1.1.2"
    destroy "~1.0.4"
    encodeurl "~1.0.2"
    escape-html "~1.0.3"
    etag "~1.8.1"
    fresh "0.5.2"
    http-errors "~1.6.2"
    mime "1.4.1"
    ms "2.0.0"
    on-finished "~2.3.0"
    range-parser "~1.2.0"
    statuses "~1.4.0"

serve-index@1.9.1:
  version "1.9.1"
  resolved "https://registry.npmjs.org/serve-index/-/serve-index-1.9.1.tgz"
  dependencies:
    accepts "~1.3.4"
    batch "0.6.1"
    debug "2.6.9"
    escape-html "~1.0.3"
    http-errors "~1.6.2"
    mime-types "~2.1.17"
    parseurl "~1.3.2"

serve-static@1.13.2:
  version "1.13.2"
  resolved "https://registry.npmjs.org/serve-static/-/serve-static-1.13.2.tgz"
  dependencies:
    encodeurl "~1.0.2"
    escape-html "~1.0.3"
    parseurl "~1.3.2"
    send "0.16.2"

server-destroy@1.0.1:
  version "1.0.1"
  resolved "https://registry.npmjs.org/server-destroy/-/server-destroy-1.0.1.tgz"

set-blocking@^2.0.0:
  version "2.0.0"
  resolved "https://registry.npmjs.org/set-blocking/-/set-blocking-2.0.0.tgz"

setprototypeof@1.1.0:
  version "1.1.0"
  resolved "https://registry.npmjs.org/setprototypeof/-/setprototypeof-1.1.0.tgz"

setprototypeof@1.1.1:
  version "1.1.1"
  resolved "https://registry.npmjs.org/setprototypeof/-/setprototypeof-1.1.1.tgz"

shelljs@0.8.4:
  version "0.8.4"
  resolved "https://registry.npmjs.org/shelljs/-/shelljs-0.8.4.tgz"
  dependencies:
    glob "^7.0.0"
    interpret "^1.0.0"
    rechoir "^0.6.2"

socket.io-adapter@~2.5.2:
  version "2.5.5"
  resolved "https://registry.yarnpkg.com/socket.io-adapter/-/socket.io-adapter-2.5.5.tgz#c7a1f9c703d7756844751b6ff9abfc1780664082"
  dependencies:
    debug "~4.3.4"
    ws "~8.17.1"

socket.io-client@^4.4.1:
  version "4.7.5"
  resolved "https://registry.yarnpkg.com/socket.io-client/-/socket.io-client-4.7.5.tgz#919be76916989758bdc20eec63f7ee0ae45c05b7"
  dependencies:
    "@socket.io/component-emitter" "~3.1.0"
    debug "~4.3.2"
    engine.io-client "~6.5.2"
    socket.io-parser "~4.2.4"

socket.io-parser@~4.2.4:
  version "4.2.4"
  resolved "https://registry.yarnpkg.com/socket.io-parser/-/socket.io-parser-4.2.4.tgz#c806966cf7270601e47469ddeec30fbdfda44c83"
  dependencies:
    "@socket.io/component-emitter" "~3.1.0"
    debug "~4.3.1"

socket.io@^4.4.1:
  version "4.7.5"
  resolved "https://registry.yarnpkg.com/socket.io/-/socket.io-4.7.5.tgz#56eb2d976aef9d1445f373a62d781a41c7add8f8"
  dependencies:
    accepts "~1.3.4"
    base64id "~2.0.0"
    cors "~2.8.5"
    debug "~4.3.2"
    engine.io "~6.5.2"
    socket.io-adapter "~2.5.2"
    socket.io-parser "~4.2.4"

source-map@^0.6.1, source-map@~0.6.0:
  version "0.6.1"
  resolved "https://registry.npmjs.org/source-map/-/source-map-0.6.1.tgz"

source-map@~0.5.1:
  version "0.5.7"
  resolved "https://registry.npmjs.org/source-map/-/source-map-0.5.7.tgz"

spawn-command@^0.0.2-1:
  version "0.0.2-1"
  resolved "https://registry.npmjs.org/spawn-command/-/spawn-command-0.0.2-1.tgz"

spdx-correct@^3.0.0:
  version "3.1.0"
  resolved "https://registry.npmjs.org/spdx-correct/-/spdx-correct-3.1.0.tgz"
  dependencies:
    spdx-expression-parse "^3.0.0"
    spdx-license-ids "^3.0.0"

spdx-exceptions@^2.1.0:
  version "2.2.0"
  resolved "https://registry.npmjs.org/spdx-exceptions/-/spdx-exceptions-2.2.0.tgz"

spdx-expression-parse@^3.0.0:
  version "3.0.0"
  resolved "https://registry.npmjs.org/spdx-expression-parse/-/spdx-expression-parse-3.0.0.tgz"
  dependencies:
    spdx-exceptions "^2.1.0"
    spdx-license-ids "^3.0.0"

spdx-license-ids@^3.0.0:
  version "3.0.5"
  resolved "https://registry.npmjs.org/spdx-license-ids/-/spdx-license-ids-3.0.5.tgz"

"statuses@>= 1.4.0 < 2", statuses@~1.4.0:
  version "1.4.0"
  resolved "https://registry.npmjs.org/statuses/-/statuses-1.4.0.tgz"

"statuses@>= 1.5.0 < 2":
  version "1.5.0"
  resolved "https://registry.npmjs.org/statuses/-/statuses-1.5.0.tgz"

statuses@~1.3.1:
  version "1.3.1"
  resolved "https://registry.npmjs.org/statuses/-/statuses-1.3.1.tgz"

stream-throttle@^0.1.3:
  version "0.1.3"
  resolved "https://registry.npmjs.org/stream-throttle/-/stream-throttle-0.1.3.tgz"
  dependencies:
    commander "^2.2.0"
    limiter "^1.0.5"

string-width@^3.0.0, string-width@^3.1.0:
  version "3.1.0"
  resolved "https://registry.npmjs.org/string-width/-/string-width-3.1.0.tgz"
  dependencies:
    emoji-regex "^7.0.1"
    is-fullwidth-code-point "^2.0.0"
    strip-ansi "^5.1.0"

string-width@^4.1.0, string-width@^4.2.0, string-width@^4.2.3:
  version "4.2.3"
  resolved "https://registry.yarnpkg.com/string-width/-/string-width-4.2.3.tgz#269c7117d27b05ad2e536830a8ec895ef9c6d010"
  dependencies:
    emoji-regex "^8.0.0"
    is-fullwidth-code-point "^3.0.0"
    strip-ansi "^6.0.1"

strip-ansi@^5.0.0, strip-ansi@^5.1.0, strip-ansi@^5.2.0:
  version "5.2.0"
  resolved "https://registry.npmjs.org/strip-ansi/-/strip-ansi-5.2.0.tgz"
  dependencies:
    ansi-regex "^4.1.0"

strip-ansi@^6.0.0, strip-ansi@^6.0.1:
  version "6.0.1"
  resolved "https://registry.yarnpkg.com/strip-ansi/-/strip-ansi-6.0.1.tgz#9e26c63d30f53443e9489495b2105d37b67a85d9"
  dependencies:
    ansi-regex "^5.0.1"

supports-color@^5.3.0:
  version "5.5.0"
  resolved "https://registry.npmjs.org/supports-color/-/supports-color-5.5.0.tgz"
  dependencies:
    has-flag "^3.0.0"

supports-color@^6.1.0:
  version "6.1.0"
  resolved "https://registry.npmjs.org/supports-color/-/supports-color-6.1.0.tgz"
  dependencies:
    has-flag "^3.0.0"

supports-color@^7.1.0:
  version "7.2.0"
  resolved "https://registry.yarnpkg.com/supports-color/-/supports-color-7.2.0.tgz#1b7dcdcb32b8138801b3e478ba6a51caa89648da"
  dependencies:
    has-flag "^4.0.0"

to-fast-properties@^1.0.3:
  version "1.0.3"
  resolved "https://registry.npmjs.org/to-fast-properties/-/to-fast-properties-1.0.3.tgz"

to-regex-range@^5.0.1:
  version "5.0.1"
  resolved "https://registry.npmjs.org/to-regex-range/-/to-regex-range-5.0.1.tgz"
  dependencies:
    is-number "^7.0.0"

toidentifier@1.0.0:
  version "1.0.0"
  resolved "https://registry.npmjs.org/toidentifier/-/toidentifier-1.0.0.tgz"

token-stream@0.0.1:
  version "0.0.1"
  resolved "https://registry.npmjs.org/token-stream/-/token-stream-0.0.1.tgz"

tree-kill@^1.2.2:
  version "1.2.2"
  resolved "https://registry.npmjs.org/tree-kill/-/tree-kill-1.2.2.tgz"

tslib@^1.9.0:
  version "1.13.0"
  resolved "https://registry.npmjs.org/tslib/-/tslib-1.13.0.tgz"

ua-parser-js@^1.0.33:
  version "1.0.38"
  resolved "https://registry.yarnpkg.com/ua-parser-js/-/ua-parser-js-1.0.38.tgz#66bb0c4c0e322fe48edfe6d446df6042e62f25e2"

uglify-js@^2.6.1:
  version "2.8.29"
  resolved "https://registry.npmjs.org/uglify-js/-/uglify-js-2.8.29.tgz"
  dependencies:
    source-map "~0.5.1"
    yargs "~3.10.0"
  optionalDependencies:
    uglify-to-browserify "~1.0.0"

uglify-to-browserify@~1.0.0:
  version "1.0.2"
  resolved "https://registry.npmjs.org/uglify-to-browserify/-/uglify-to-browserify-1.0.2.tgz"

undici-types@~6.19.2:
  version "6.19.8"
  resolved "https://registry.yarnpkg.com/undici-types/-/undici-types-6.19.8.tgz#35111c9d1437ab83a7cdc0abae2f26d88eda0a02"

universalify@^0.1.0:
  version "0.1.2"
  resolved "https://registry.npmjs.org/universalify/-/universalify-0.1.2.tgz"

unpipe@1.0.0, unpipe@~1.0.0:
  version "1.0.0"
  resolved "https://registry.npmjs.org/unpipe/-/unpipe-1.0.0.tgz"

utils-merge@1.0.1:
  version "1.0.1"
  resolved "https://registry.npmjs.org/utils-merge/-/utils-merge-1.0.1.tgz"

validate-npm-package-license@^3.0.1:
  version "3.0.4"
  resolved "https://registry.npmjs.org/validate-npm-package-license/-/validate-npm-package-license-3.0.4.tgz"
  dependencies:
    spdx-correct "^3.0.0"
    spdx-expression-parse "^3.0.0"

vary@^1:
  version "1.1.2"
  resolved "https://registry.yarnpkg.com/vary/-/vary-1.1.2.tgz#2299f02c6ded30d4a5961b0b9f74524a18f634fc"

void-elements@^2.0.1:
  version "2.0.1"
  resolved "https://registry.npmjs.org/void-elements/-/void-elements-2.0.1.tgz"

which-module@^2.0.0:
  version "2.0.0"
  resolved "https://registry.npmjs.org/which-module/-/which-module-2.0.0.tgz"

window-size@0.1.0:
  version "0.1.0"
  resolved "https://registry.npmjs.org/window-size/-/window-size-0.1.0.tgz"

with@^5.0.0:
  version "5.1.1"
  resolved "https://registry.npmjs.org/with/-/with-5.1.1.tgz"
  dependencies:
    acorn "^3.1.0"
    acorn-globals "^3.0.0"

wordwrap@0.0.2:
  version "0.0.2"
  resolved "https://registry.npmjs.org/wordwrap/-/wordwrap-0.0.2.tgz"

wrap-ansi@^5.1.0:
  version "5.1.0"
  resolved "https://registry.npmjs.org/wrap-ansi/-/wrap-ansi-5.1.0.tgz"
  dependencies:
    ansi-styles "^3.2.0"
    string-width "^3.0.0"
    strip-ansi "^5.0.0"

wrap-ansi@^7.0.0:
  version "7.0.0"
  resolved "https://registry.yarnpkg.com/wrap-ansi/-/wrap-ansi-7.0.0.tgz#67e145cff510a6a6984bdf1152911d69d2eb9e43"
  dependencies:
    ansi-styles "^4.0.0"
    string-width "^4.1.0"
    strip-ansi "^6.0.0"

wrappy@1:
  version "1.0.2"
  resolved "https://registry.npmjs.org/wrappy/-/wrappy-1.0.2.tgz"

ws@~8.17.1:
  version "8.17.1"
  resolved "https://registry.yarnpkg.com/ws/-/ws-8.17.1.tgz#9293da530bb548febc95371d90f9c878727d919b"

xmlhttprequest-ssl@~2.0.0:
  version "2.0.0"
  resolved "https://registry.yarnpkg.com/xmlhttprequest-ssl/-/xmlhttprequest-ssl-2.0.0.tgz#91360c86b914e67f44dce769180027c0da618c67"

y18n@^4.0.0:
  version "4.0.0"
  resolved "https://registry.npmjs.org/y18n/-/y18n-4.0.0.tgz"

y18n@^5.0.5:
  version "5.0.8"
  resolved "https://registry.yarnpkg.com/y18n/-/y18n-5.0.8.tgz#7f4934d0f7ca8c56f95314939ddcd2dd91ce1d55"

yargs-parser@^13.1.2:
  version "13.1.2"
  resolved "https://registry.npmjs.org/yargs-parser/-/yargs-parser-13.1.2.tgz"
  dependencies:
    camelcase "^5.0.0"
    decamelize "^1.2.0"

yargs-parser@^20.2.2:
  version "20.2.9"
  resolved "https://registry.yarnpkg.com/yargs-parser/-/yargs-parser-20.2.9.tgz#2eb7dc3b0289718fc295f362753845c41a0c94ee"

yargs-parser@^21.1.1:
  version "21.1.1"
  resolved "https://registry.yarnpkg.com/yargs-parser/-/yargs-parser-21.1.1.tgz#9096bceebf990d21bb31fa9516e0ede294a77d35"

yargs@17.1.1:
  version "17.1.1"
  resolved "https://registry.yarnpkg.com/yargs/-/yargs-17.1.1.tgz#c2a8091564bdb196f7c0a67c1d12e5b85b8067ba"
  dependencies:
    cliui "^7.0.2"
    escalade "^3.1.1"
    get-caller-file "^2.0.5"
    require-directory "^2.1.1"
    string-width "^4.2.0"
    y18n "^5.0.5"
    yargs-parser "^20.2.2"

yargs@^13.3.0:
  version "13.3.2"
  resolved "https://registry.npmjs.org/yargs/-/yargs-13.3.2.tgz"
  dependencies:
    cliui "^5.0.0"
    find-up "^3.0.0"
    get-caller-file "^2.0.1"
    require-directory "^2.1.1"
    require-main-filename "^2.0.0"
    set-blocking "^2.0.0"
    string-width "^3.0.0"
    which-module "^2.0.0"
    y18n "^4.0.0"
    yargs-parser "^13.1.2"

yargs@^17.3.1:
  version "17.7.2"
  resolved "https://registry.yarnpkg.com/yargs/-/yargs-17.7.2.tgz#991df39aca675a192b816e1e0363f9d75d2aa269"
  dependencies:
    cliui "^8.0.1"
    escalade "^3.1.1"
    get-caller-file "^2.0.5"
    require-directory "^2.1.1"
    string-width "^4.2.3"
    y18n "^5.0.5"
    yargs-parser "^21.1.1"

yargs@~3.10.0:
  version "3.10.0"
  resolved "https://registry.npmjs.org/yargs/-/yargs-3.10.0.tgz"
  dependencies:
    camelcase "^1.0.2"
    cliui "^2.1.0"
    decamelize "^1.0.0"
    window-size "0.1.0"
